
Microsoft Visual Studio Solution File, Format Version 12.00
# Visual Studio Version 16
VisualStudioVersion = 16.0.32126.315
MinimumVisualStudioVersion = 10.0.40219.1
Project("{FAE04EC0-301F-11D3-BF4B-00C04F79EFBC}") = "Personal_Pomodoro", "Personal_Pomodoro\Personal_Pomodoro.csproj", "{B0F8CA46-37D1-485E-8A4C-46A588513DAA}"
EndProject
Global
	GlobalSection(SolutionConfigurationPlatforms) = preSolution
		Debug|Any CPU = Debug|Any CPU
		Release|Any CPU = Release|Any CPU
	EndGlobalSection
	GlobalSection(ProjectConfigurationPlatforms) = postSolution
		{B0F8CA46-37D1-485E-8A4C-46A588513DAA}.Debug|Any CPU.ActiveCfg = Debug|Any CPU
		{B0F8CA46-37D1-485E-8A4C-46A588513DAA}.Debug|Any CPU.Build.0 = Debug|Any CPU
		{B0F8CA46-37D1-485E-8A4C-46A588513DAA}.Release|Any CPU.ActiveCfg = Release|Any CPU
		{B0F8CA46-37D1-485E-8A4C-46A588513DAA}.Release|Any CPU.Build.0 = Release|Any CPU
	EndGlobalSection
	GlobalSection(SolutionProperties) = preSolution
		HideSolutionNode = FALSE
	EndGlobalSection
	GlobalSection(ExtensibilityGlobals) = postSolution
		SolutionGuid = {E0710D6D-9714-487A-A3E9-1638A977E669}
	EndGlobalSection
EndGlobal
